
Microsoft Visual Studio Solution File, Format Version 12.00
# Visual Studio 15
VisualStudioVersion = 15.0.26228.9
MinimumVisualStudioVersion = 10.0.40219.1
Project("{FAE04EC0-301F-11D3-BF4B-00C04F79EFBC}") = "junk", "junk\junk.csproj", "{381158F6-C266-49E1-B4C2-9C2E710730EA}"
EndProject
Project("{FAE04EC0-301F-11D3-BF4B-00C04F79EFBC}") = "junk.Tests", "junk.Tests\junk.Tests.csproj", "{DAFD8CD8-BB7A-4A24-8A07-3A2100774002}"
EndProject
Global
	GlobalSection(SolutionConfigurationPlatforms) = preSolution
		Debug|Any CPU = Debug|Any CPU
		Release|Any CPU = Release|Any CPU
	EndGlobalSection
	GlobalSection(ProjectConfigurationPlatforms) = postSolution
		{381158F6-C266-49E1-B4C2-9C2E710730EA}.Debug|Any CPU.ActiveCfg = Debug|Any CPU
		{381158F6-C266-49E1-B4C2-9C2E710730EA}.Debug|Any CPU.Build.0 = Debug|Any CPU
		{381158F6-C266-49E1-B4C2-9C2E710730EA}.Release|Any CPU.ActiveCfg = Release|Any CPU
		{381158F6-C266-49E1-B4C2-9C2E710730EA}.Release|Any CPU.Build.0 = Release|Any CPU
		{DAFD8CD8-BB7A-4A24-8A07-3A2100774002}.Debug|Any CPU.ActiveCfg = Debug|Any CPU
		{DAFD8CD8-BB7A-4A24-8A07-3A2100774002}.Debug|Any CPU.Build.0 = Debug|Any CPU
		{DAFD8CD8-BB7A-4A24-8A07-3A2100774002}.Release|Any CPU.ActiveCfg = Release|Any CPU
		{DAFD8CD8-BB7A-4A24-8A07-3A2100774002}.Release|Any CPU.Build.0 = Release|Any CPU
	EndGlobalSection
	GlobalSection(SolutionProperties) = preSolution
		HideSolutionNode = FALSE
	EndGlobalSection
EndGlobal
